
Microsoft Visual Studio Solution File, Format Version 12.00
# Visual Studio Version 16
VisualStudioVersion = 16.0.33529.622
MinimumVisualStudioVersion = 10.0.40219.1
Project("{FAE04EC0-301F-11D3-BF4B-00C04F79EFBC}") = "exercicio3", "exercicio3.csproj", "{C3284118-2839-4757-BFED-8018DC724FE8}"
EndProject
Global
	GlobalSection(SolutionConfigurationPlatforms) = preSolution
		Debug|Any CPU = Debug|Any CPU
		Release|Any CPU = Release|Any CPU
	EndGlobalSection
	GlobalSection(ProjectConfigurationPlatforms) = postSolution
		{C3284118-2839-4757-BFED-8018DC724FE8}.Debug|Any CPU.ActiveCfg = Debug|Any CPU
		{C3284118-2839-4757-BFED-8018DC724FE8}.Debug|Any CPU.Build.0 = Debug|Any CPU
		{C3284118-2839-4757-BFED-8018DC724FE8}.Release|Any CPU.ActiveCfg = Release|Any CPU
		{C3284118-2839-4757-BFED-8018DC724FE8}.Release|Any CPU.Build.0 = Release|Any CPU
	EndGlobalSection
	GlobalSection(SolutionProperties) = preSolution
		HideSolutionNode = FALSE
	EndGlobalSection
	GlobalSection(ExtensibilityGlobals) = postSolution
		SolutionGuid = {FB9F67E6-4E54-43D6-AAD3-151DB11ACA3F}
	EndGlobalSection
EndGlobal
