
Microsoft Visual Studio Solution File, Format Version 12.00
# Visual Studio Version 16
VisualStudioVersion = 16.0.33529.622
MinimumVisualStudioVersion = 10.0.40219.1
Project("{FAE04EC0-301F-11D3-BF4B-00C04F79EFBC}") = "exercicio32", "exercicio32.csproj", "{593F3FCB-55A8-4AD4-BB46-2CC3D35A8726}"
EndProject
Global
	GlobalSection(SolutionConfigurationPlatforms) = preSolution
		Debug|Any CPU = Debug|Any CPU
		Release|Any CPU = Release|Any CPU
	EndGlobalSection
	GlobalSection(ProjectConfigurationPlatforms) = postSolution
		{593F3FCB-55A8-4AD4-BB46-2CC3D35A8726}.Debug|Any CPU.ActiveCfg = Debug|Any CPU
		{593F3FCB-55A8-4AD4-BB46-2CC3D35A8726}.Debug|Any CPU.Build.0 = Debug|Any CPU
		{593F3FCB-55A8-4AD4-BB46-2CC3D35A8726}.Release|Any CPU.ActiveCfg = Release|Any CPU
		{593F3FCB-55A8-4AD4-BB46-2CC3D35A8726}.Release|Any CPU.Build.0 = Release|Any CPU
	EndGlobalSection
	GlobalSection(SolutionProperties) = preSolution
		HideSolutionNode = FALSE
	EndGlobalSection
	GlobalSection(ExtensibilityGlobals) = postSolution
		SolutionGuid = {659223EC-8B61-4088-903B-04DD9AC7E1A3}
	EndGlobalSection
EndGlobal
